
Microsoft Visual Studio Solution File, Format Version 12.00
# Visual Studio Version 17
VisualStudioVersion = 17.14.36518.9 d17.14
MinimumVisualStudioVersion = 10.0.40219.1
Project("{FAE04EC0-301F-11D3-BF4B-00C04F79EFBC}") = "11.task_5", "11.task_5\11.task_5.csproj", "{8503AE02-3F71-46D1-9907-B37753412EB9}"
EndProject
Global
	GlobalSection(SolutionConfigurationPlatforms) = preSolution
		Debug|Any CPU = Debug|Any CPU
		Release|Any CPU = Release|Any CPU
	EndGlobalSection
	GlobalSection(ProjectConfigurationPlatforms) = postSolution
		{8503AE02-3F71-46D1-9907-B37753412EB9}.Debug|Any CPU.ActiveCfg = Debug|Any CPU
		{8503AE02-3F71-46D1-9907-B37753412EB9}.Debug|Any CPU.Build.0 = Debug|Any CPU
		{8503AE02-3F71-46D1-9907-B37753412EB9}.Release|Any CPU.ActiveCfg = Release|Any CPU
		{8503AE02-3F71-46D1-9907-B37753412EB9}.Release|Any CPU.Build.0 = Release|Any CPU
	EndGlobalSection
	GlobalSection(SolutionProperties) = preSolution
		HideSolutionNode = FALSE
	EndGlobalSection
	GlobalSection(ExtensibilityGlobals) = postSolution
		SolutionGuid = {DC206584-7B97-45F3-973C-FEB48F35D67F}
	EndGlobalSection
EndGlobal
