
Microsoft Visual Studio Solution File, Format Version 12.00
# Visual Studio Version 17
VisualStudioVersion = 17.14.36414.22 d17.14
MinimumVisualStudioVersion = 10.0.40219.1
Project("{FAE04EC0-301F-11D3-BF4B-00C04F79EFBC}") = "04.task_1", "04.task_1\04.task_1.csproj", "{015AF43C-1541-499D-A724-77C90FB7A7C0}"
EndProject
Global
	GlobalSection(SolutionConfigurationPlatforms) = preSolution
		Debug|Any CPU = Debug|Any CPU
		Release|Any CPU = Release|Any CPU
	EndGlobalSection
	GlobalSection(ProjectConfigurationPlatforms) = postSolution
		{015AF43C-1541-499D-A724-77C90FB7A7C0}.Debug|Any CPU.ActiveCfg = Debug|Any CPU
		{015AF43C-1541-499D-A724-77C90FB7A7C0}.Debug|Any CPU.Build.0 = Debug|Any CPU
		{015AF43C-1541-499D-A724-77C90FB7A7C0}.Release|Any CPU.ActiveCfg = Release|Any CPU
		{015AF43C-1541-499D-A724-77C90FB7A7C0}.Release|Any CPU.Build.0 = Release|Any CPU
	EndGlobalSection
	GlobalSection(SolutionProperties) = preSolution
		HideSolutionNode = FALSE
	EndGlobalSection
	GlobalSection(ExtensibilityGlobals) = postSolution
		SolutionGuid = {A663194D-8268-4634-AFD2-22C13A66613E}
	EndGlobalSection
EndGlobal
