
Microsoft Visual Studio Solution File, Format Version 12.00
# Visual Studio Version 17
VisualStudioVersion = 17.14.36518.9 d17.14
MinimumVisualStudioVersion = 10.0.40219.1
Project("{FAE04EC0-301F-11D3-BF4B-00C04F79EFBC}") = "08_task.3", "08_task.3\08_task.3.csproj", "{219FC355-3BD2-4942-8A3E-5703005AB128}"
EndProject
Global
	GlobalSection(SolutionConfigurationPlatforms) = preSolution
		Debug|Any CPU = Debug|Any CPU
		Release|Any CPU = Release|Any CPU
	EndGlobalSection
	GlobalSection(ProjectConfigurationPlatforms) = postSolution
		{219FC355-3BD2-4942-8A3E-5703005AB128}.Debug|Any CPU.ActiveCfg = Debug|Any CPU
		{219FC355-3BD2-4942-8A3E-5703005AB128}.Debug|Any CPU.Build.0 = Debug|Any CPU
		{219FC355-3BD2-4942-8A3E-5703005AB128}.Release|Any CPU.ActiveCfg = Release|Any CPU
		{219FC355-3BD2-4942-8A3E-5703005AB128}.Release|Any CPU.Build.0 = Release|Any CPU
	EndGlobalSection
	GlobalSection(SolutionProperties) = preSolution
		HideSolutionNode = FALSE
	EndGlobalSection
	GlobalSection(ExtensibilityGlobals) = postSolution
		SolutionGuid = {CB03AD7E-81E6-42DE-A51F-8BB33D52E6FD}
	EndGlobalSection
EndGlobal
