
Microsoft Visual Studio Solution File, Format Version 12.00
# Visual Studio Version 17
VisualStudioVersion = 17.14.36518.9 d17.14
MinimumVisualStudioVersion = 10.0.40219.1
Project("{FAE04EC0-301F-11D3-BF4B-00C04F79EFBC}") = "14.task_8", "14.task_8\14.task_8.csproj", "{6ADA729E-CA31-472D-AA0A-C082FDFBB6BC}"
EndProject
Global
	GlobalSection(SolutionConfigurationPlatforms) = preSolution
		Debug|Any CPU = Debug|Any CPU
		Release|Any CPU = Release|Any CPU
	EndGlobalSection
	GlobalSection(ProjectConfigurationPlatforms) = postSolution
		{6ADA729E-CA31-472D-AA0A-C082FDFBB6BC}.Debug|Any CPU.ActiveCfg = Debug|Any CPU
		{6ADA729E-CA31-472D-AA0A-C082FDFBB6BC}.Debug|Any CPU.Build.0 = Debug|Any CPU
		{6ADA729E-CA31-472D-AA0A-C082FDFBB6BC}.Release|Any CPU.ActiveCfg = Release|Any CPU
		{6ADA729E-CA31-472D-AA0A-C082FDFBB6BC}.Release|Any CPU.Build.0 = Release|Any CPU
	EndGlobalSection
	GlobalSection(SolutionProperties) = preSolution
		HideSolutionNode = FALSE
	EndGlobalSection
	GlobalSection(ExtensibilityGlobals) = postSolution
		SolutionGuid = {6B3EC0F6-DF4E-43FA-B1DD-3ED906056B26}
	EndGlobalSection
EndGlobal
