
Microsoft Visual Studio Solution File, Format Version 12.00
# Visual Studio Version 17
VisualStudioVersion = 17.14.36518.9 d17.14
MinimumVisualStudioVersion = 10.0.40219.1
Project("{FAE04EC0-301F-11D3-BF4B-00C04F79EFBC}") = "14.task_1", "14.task_1\14.task_1.csproj", "{21674B7F-73A8-4532-BCCF-015888B23BDB}"
EndProject
Global
	GlobalSection(SolutionConfigurationPlatforms) = preSolution
		Debug|Any CPU = Debug|Any CPU
		Release|Any CPU = Release|Any CPU
	EndGlobalSection
	GlobalSection(ProjectConfigurationPlatforms) = postSolution
		{21674B7F-73A8-4532-BCCF-015888B23BDB}.Debug|Any CPU.ActiveCfg = Debug|Any CPU
		{21674B7F-73A8-4532-BCCF-015888B23BDB}.Debug|Any CPU.Build.0 = Debug|Any CPU
		{21674B7F-73A8-4532-BCCF-015888B23BDB}.Release|Any CPU.ActiveCfg = Release|Any CPU
		{21674B7F-73A8-4532-BCCF-015888B23BDB}.Release|Any CPU.Build.0 = Release|Any CPU
	EndGlobalSection
	GlobalSection(SolutionProperties) = preSolution
		HideSolutionNode = FALSE
	EndGlobalSection
	GlobalSection(ExtensibilityGlobals) = postSolution
		SolutionGuid = {4DB69519-6C7E-493C-9CEE-C63580A18275}
	EndGlobalSection
EndGlobal
