
Microsoft Visual Studio Solution File, Format Version 12.00
# Visual Studio Version 17
VisualStudioVersion = 17.14.36414.22 d17.14
MinimumVisualStudioVersion = 10.0.40219.1
Project("{FAE04EC0-301F-11D3-BF4B-00C04F79EFBC}") = "03.tasks_1-3", "03.tasks_1-3\03.tasks_1-3.csproj", "{45B41826-755C-447D-89CD-8EE54CA001EF}"
EndProject
Global
	GlobalSection(SolutionConfigurationPlatforms) = preSolution
		Debug|Any CPU = Debug|Any CPU
		Release|Any CPU = Release|Any CPU
	EndGlobalSection
	GlobalSection(ProjectConfigurationPlatforms) = postSolution
		{45B41826-755C-447D-89CD-8EE54CA001EF}.Debug|Any CPU.ActiveCfg = Debug|Any CPU
		{45B41826-755C-447D-89CD-8EE54CA001EF}.Debug|Any CPU.Build.0 = Debug|Any CPU
		{45B41826-755C-447D-89CD-8EE54CA001EF}.Release|Any CPU.ActiveCfg = Release|Any CPU
		{45B41826-755C-447D-89CD-8EE54CA001EF}.Release|Any CPU.Build.0 = Release|Any CPU
	EndGlobalSection
	GlobalSection(SolutionProperties) = preSolution
		HideSolutionNode = FALSE
	EndGlobalSection
	GlobalSection(ExtensibilityGlobals) = postSolution
		SolutionGuid = {27B75ACF-6C53-48E3-BAD6-BDA7FA2C7302}
	EndGlobalSection
EndGlobal
