
Microsoft Visual Studio Solution File, Format Version 12.00
# Visual Studio Version 17
VisualStudioVersion = 17.14.36414.22 d17.14
MinimumVisualStudioVersion = 10.0.40219.1
Project("{FAE04EC0-301F-11D3-BF4B-00C04F79EFBC}") = "01.Area", "01.Area\01.Area.csproj", "{EEBAD867-F1B8-4493-B095-5C4CD1E39FDF}"
EndProject
Global
	GlobalSection(SolutionConfigurationPlatforms) = preSolution
		Debug|Any CPU = Debug|Any CPU
		Release|Any CPU = Release|Any CPU
	EndGlobalSection
	GlobalSection(ProjectConfigurationPlatforms) = postSolution
		{EEBAD867-F1B8-4493-B095-5C4CD1E39FDF}.Debug|Any CPU.ActiveCfg = Debug|Any CPU
		{EEBAD867-F1B8-4493-B095-5C4CD1E39FDF}.Debug|Any CPU.Build.0 = Debug|Any CPU
		{EEBAD867-F1B8-4493-B095-5C4CD1E39FDF}.Release|Any CPU.ActiveCfg = Release|Any CPU
		{EEBAD867-F1B8-4493-B095-5C4CD1E39FDF}.Release|Any CPU.Build.0 = Release|Any CPU
	EndGlobalSection
	GlobalSection(SolutionProperties) = preSolution
		HideSolutionNode = FALSE
	EndGlobalSection
	GlobalSection(ExtensibilityGlobals) = postSolution
		SolutionGuid = {9CFCF2A2-D268-4CBA-A706-2800928E3436}
	EndGlobalSection
EndGlobal
