
Microsoft Visual Studio Solution File, Format Version 12.00
# Visual Studio Version 17
VisualStudioVersion = 17.14.36414.22 d17.14
MinimumVisualStudioVersion = 10.0.40219.1
Project("{FAE04EC0-301F-11D3-BF4B-00C04F79EFBC}") = "02.SieveOfEratosthnes", "02.SieveOfEratosthnes\02.SieveOfEratosthnes.csproj", "{8B99A9B7-0349-4C84-9910-65B5CA86478D}"
EndProject
Global
	GlobalSection(SolutionConfigurationPlatforms) = preSolution
		Debug|Any CPU = Debug|Any CPU
		Release|Any CPU = Release|Any CPU
	EndGlobalSection
	GlobalSection(ProjectConfigurationPlatforms) = postSolution
		{8B99A9B7-0349-4C84-9910-65B5CA86478D}.Debug|Any CPU.ActiveCfg = Debug|Any CPU
		{8B99A9B7-0349-4C84-9910-65B5CA86478D}.Debug|Any CPU.Build.0 = Debug|Any CPU
		{8B99A9B7-0349-4C84-9910-65B5CA86478D}.Release|Any CPU.ActiveCfg = Release|Any CPU
		{8B99A9B7-0349-4C84-9910-65B5CA86478D}.Release|Any CPU.Build.0 = Release|Any CPU
	EndGlobalSection
	GlobalSection(SolutionProperties) = preSolution
		HideSolutionNode = FALSE
	EndGlobalSection
	GlobalSection(ExtensibilityGlobals) = postSolution
		SolutionGuid = {0E9D04D1-124C-46C8-815F-685616CDDC77}
	EndGlobalSection
EndGlobal
