
Microsoft Visual Studio Solution File, Format Version 12.00
# Visual Studio Version 17
VisualStudioVersion = 17.14.36518.9 d17.14
MinimumVisualStudioVersion = 10.0.40219.1
Project("{FAE04EC0-301F-11D3-BF4B-00C04F79EFBC}") = "12_task.1", "12_task.1\12_task.1.csproj", "{6CF0C528-F925-4C16-9574-8A1743BC55FF}"
EndProject
Global
	GlobalSection(SolutionConfigurationPlatforms) = preSolution
		Debug|Any CPU = Debug|Any CPU
		Release|Any CPU = Release|Any CPU
	EndGlobalSection
	GlobalSection(ProjectConfigurationPlatforms) = postSolution
		{6CF0C528-F925-4C16-9574-8A1743BC55FF}.Debug|Any CPU.ActiveCfg = Debug|Any CPU
		{6CF0C528-F925-4C16-9574-8A1743BC55FF}.Debug|Any CPU.Build.0 = Debug|Any CPU
		{6CF0C528-F925-4C16-9574-8A1743BC55FF}.Release|Any CPU.ActiveCfg = Release|Any CPU
		{6CF0C528-F925-4C16-9574-8A1743BC55FF}.Release|Any CPU.Build.0 = Release|Any CPU
	EndGlobalSection
	GlobalSection(SolutionProperties) = preSolution
		HideSolutionNode = FALSE
	EndGlobalSection
	GlobalSection(ExtensibilityGlobals) = postSolution
		SolutionGuid = {EB29700A-8361-4966-8FE7-A1033EDCE06A}
	EndGlobalSection
EndGlobal
