
Microsoft Visual Studio Solution File, Format Version 12.00
# Visual Studio Version 17
VisualStudioVersion = 17.14.36518.9 d17.14
MinimumVisualStudioVersion = 10.0.40219.1
Project("{FAE04EC0-301F-11D3-BF4B-00C04F79EFBC}") = "12.task_3", "12.task_3\12.task_3.csproj", "{65F2A72B-C468-4D6E-A3B4-9972BDD0B27B}"
EndProject
Global
	GlobalSection(SolutionConfigurationPlatforms) = preSolution
		Debug|Any CPU = Debug|Any CPU
		Release|Any CPU = Release|Any CPU
	EndGlobalSection
	GlobalSection(ProjectConfigurationPlatforms) = postSolution
		{65F2A72B-C468-4D6E-A3B4-9972BDD0B27B}.Debug|Any CPU.ActiveCfg = Debug|Any CPU
		{65F2A72B-C468-4D6E-A3B4-9972BDD0B27B}.Debug|Any CPU.Build.0 = Debug|Any CPU
		{65F2A72B-C468-4D6E-A3B4-9972BDD0B27B}.Release|Any CPU.ActiveCfg = Release|Any CPU
		{65F2A72B-C468-4D6E-A3B4-9972BDD0B27B}.Release|Any CPU.Build.0 = Release|Any CPU
	EndGlobalSection
	GlobalSection(SolutionProperties) = preSolution
		HideSolutionNode = FALSE
	EndGlobalSection
	GlobalSection(ExtensibilityGlobals) = postSolution
		SolutionGuid = {56FDBABF-823A-49D3-B646-96A059F66237}
	EndGlobalSection
EndGlobal
