
Microsoft Visual Studio Solution File, Format Version 12.00
# Visual Studio Version 17
VisualStudioVersion = 17.14.36518.9 d17.14
MinimumVisualStudioVersion = 10.0.40219.1
Project("{FAE04EC0-301F-11D3-BF4B-00C04F79EFBC}") = "09.task_4-5", "09.task_4-5\09.task_4-5.csproj", "{750F8E24-CD84-4C22-A040-69E8623F9A22}"
EndProject
Global
	GlobalSection(SolutionConfigurationPlatforms) = preSolution
		Debug|Any CPU = Debug|Any CPU
		Release|Any CPU = Release|Any CPU
	EndGlobalSection
	GlobalSection(ProjectConfigurationPlatforms) = postSolution
		{750F8E24-CD84-4C22-A040-69E8623F9A22}.Debug|Any CPU.ActiveCfg = Debug|Any CPU
		{750F8E24-CD84-4C22-A040-69E8623F9A22}.Debug|Any CPU.Build.0 = Debug|Any CPU
		{750F8E24-CD84-4C22-A040-69E8623F9A22}.Release|Any CPU.ActiveCfg = Release|Any CPU
		{750F8E24-CD84-4C22-A040-69E8623F9A22}.Release|Any CPU.Build.0 = Release|Any CPU
	EndGlobalSection
	GlobalSection(SolutionProperties) = preSolution
		HideSolutionNode = FALSE
	EndGlobalSection
	GlobalSection(ExtensibilityGlobals) = postSolution
		SolutionGuid = {73707C2B-AF34-48D1-98ED-2D99CEBCDF87}
	EndGlobalSection
EndGlobal
