
Microsoft Visual Studio Solution File, Format Version 12.00
# Visual Studio Version 17
VisualStudioVersion = 17.14.36518.9 d17.14
MinimumVisualStudioVersion = 10.0.40219.1
Project("{FAE04EC0-301F-11D3-BF4B-00C04F79EFBC}") = "12.task_4", "12.task_4\12.task_4.csproj", "{29E2596E-76AE-4CC5-8572-03B4DFCB8275}"
EndProject
Global
	GlobalSection(SolutionConfigurationPlatforms) = preSolution
		Debug|Any CPU = Debug|Any CPU
		Release|Any CPU = Release|Any CPU
	EndGlobalSection
	GlobalSection(ProjectConfigurationPlatforms) = postSolution
		{29E2596E-76AE-4CC5-8572-03B4DFCB8275}.Debug|Any CPU.ActiveCfg = Debug|Any CPU
		{29E2596E-76AE-4CC5-8572-03B4DFCB8275}.Debug|Any CPU.Build.0 = Debug|Any CPU
		{29E2596E-76AE-4CC5-8572-03B4DFCB8275}.Release|Any CPU.ActiveCfg = Release|Any CPU
		{29E2596E-76AE-4CC5-8572-03B4DFCB8275}.Release|Any CPU.Build.0 = Release|Any CPU
	EndGlobalSection
	GlobalSection(SolutionProperties) = preSolution
		HideSolutionNode = FALSE
	EndGlobalSection
	GlobalSection(ExtensibilityGlobals) = postSolution
		SolutionGuid = {8446E129-56D6-473E-9E09-CB8AE1D4EA27}
	EndGlobalSection
EndGlobal
