
Microsoft Visual Studio Solution File, Format Version 12.00
# Visual Studio Version 17
VisualStudioVersion = 17.14.36414.22 d17.14
MinimumVisualStudioVersion = 10.0.40219.1
Project("{FAE04EC0-301F-11D3-BF4B-00C04F79EFBC}") = "01.FloatNums", "01.FloatNums\01.FloatNums.csproj", "{B2004C96-9876-40BF-86A3-542B5C87365F}"
EndProject
Global
	GlobalSection(SolutionConfigurationPlatforms) = preSolution
		Debug|Any CPU = Debug|Any CPU
		Release|Any CPU = Release|Any CPU
	EndGlobalSection
	GlobalSection(ProjectConfigurationPlatforms) = postSolution
		{B2004C96-9876-40BF-86A3-542B5C87365F}.Debug|Any CPU.ActiveCfg = Debug|Any CPU
		{B2004C96-9876-40BF-86A3-542B5C87365F}.Debug|Any CPU.Build.0 = Debug|Any CPU
		{B2004C96-9876-40BF-86A3-542B5C87365F}.Release|Any CPU.ActiveCfg = Release|Any CPU
		{B2004C96-9876-40BF-86A3-542B5C87365F}.Release|Any CPU.Build.0 = Release|Any CPU
	EndGlobalSection
	GlobalSection(SolutionProperties) = preSolution
		HideSolutionNode = FALSE
	EndGlobalSection
	GlobalSection(ExtensibilityGlobals) = postSolution
		SolutionGuid = {56084BBC-40F9-456B-8D12-ACD4FA982157}
	EndGlobalSection
EndGlobal
