
Microsoft Visual Studio Solution File, Format Version 12.00
# Visual Studio Version 17
VisualStudioVersion = 17.14.36414.22 d17.14
MinimumVisualStudioVersion = 10.0.40219.1
Project("{FAE04EC0-301F-11D3-BF4B-00C04F79EFBC}") = "05.task_3", "05.task_3\05.task_3.csproj", "{A44D6DD8-5F8A-4B5B-9857-747725F41691}"
EndProject
Global
	GlobalSection(SolutionConfigurationPlatforms) = preSolution
		Debug|Any CPU = Debug|Any CPU
		Release|Any CPU = Release|Any CPU
	EndGlobalSection
	GlobalSection(ProjectConfigurationPlatforms) = postSolution
		{A44D6DD8-5F8A-4B5B-9857-747725F41691}.Debug|Any CPU.ActiveCfg = Debug|Any CPU
		{A44D6DD8-5F8A-4B5B-9857-747725F41691}.Debug|Any CPU.Build.0 = Debug|Any CPU
		{A44D6DD8-5F8A-4B5B-9857-747725F41691}.Release|Any CPU.ActiveCfg = Release|Any CPU
		{A44D6DD8-5F8A-4B5B-9857-747725F41691}.Release|Any CPU.Build.0 = Release|Any CPU
	EndGlobalSection
	GlobalSection(SolutionProperties) = preSolution
		HideSolutionNode = FALSE
	EndGlobalSection
	GlobalSection(ExtensibilityGlobals) = postSolution
		SolutionGuid = {21521B24-95AF-4C56-980E-C6C9C30FA97A}
	EndGlobalSection
EndGlobal
