
Microsoft Visual Studio Solution File, Format Version 12.00
# Visual Studio Version 17
VisualStudioVersion = 17.14.36414.22 d17.14
MinimumVisualStudioVersion = 10.0.40219.1
Project("{FAE04EC0-301F-11D3-BF4B-00C04F79EFBC}") = "02.CompileAndSum", "02.CompileAndSum\02.CompileAndSum.csproj", "{6CD7882B-F93F-48C6-8F4C-2266A9B11454}"
EndProject
Global
	GlobalSection(SolutionConfigurationPlatforms) = preSolution
		Debug|Any CPU = Debug|Any CPU
		Release|Any CPU = Release|Any CPU
	EndGlobalSection
	GlobalSection(ProjectConfigurationPlatforms) = postSolution
		{6CD7882B-F93F-48C6-8F4C-2266A9B11454}.Debug|Any CPU.ActiveCfg = Debug|Any CPU
		{6CD7882B-F93F-48C6-8F4C-2266A9B11454}.Debug|Any CPU.Build.0 = Debug|Any CPU
		{6CD7882B-F93F-48C6-8F4C-2266A9B11454}.Release|Any CPU.ActiveCfg = Release|Any CPU
		{6CD7882B-F93F-48C6-8F4C-2266A9B11454}.Release|Any CPU.Build.0 = Release|Any CPU
	EndGlobalSection
	GlobalSection(SolutionProperties) = preSolution
		HideSolutionNode = FALSE
	EndGlobalSection
	GlobalSection(ExtensibilityGlobals) = postSolution
		SolutionGuid = {1976F13C-1071-4EC1-A2CE-048E8EC84AD3}
	EndGlobalSection
EndGlobal
