
Microsoft Visual Studio Solution File, Format Version 12.00
# Visual Studio Version 17
VisualStudioVersion = 17.14.36414.22 d17.14
MinimumVisualStudioVersion = 10.0.40219.1
Project("{FAE04EC0-301F-11D3-BF4B-00C04F79EFBC}") = "01.BiggerAndOdd", "01.BiggerAndOdd\01.BiggerAndOdd.csproj", "{8B0A9C3F-2D20-404E-AFF1-82CF504DEE17}"
EndProject
Global
	GlobalSection(SolutionConfigurationPlatforms) = preSolution
		Debug|Any CPU = Debug|Any CPU
		Release|Any CPU = Release|Any CPU
	EndGlobalSection
	GlobalSection(ProjectConfigurationPlatforms) = postSolution
		{8B0A9C3F-2D20-404E-AFF1-82CF504DEE17}.Debug|Any CPU.ActiveCfg = Debug|Any CPU
		{8B0A9C3F-2D20-404E-AFF1-82CF504DEE17}.Debug|Any CPU.Build.0 = Debug|Any CPU
		{8B0A9C3F-2D20-404E-AFF1-82CF504DEE17}.Release|Any CPU.ActiveCfg = Release|Any CPU
		{8B0A9C3F-2D20-404E-AFF1-82CF504DEE17}.Release|Any CPU.Build.0 = Release|Any CPU
	EndGlobalSection
	GlobalSection(SolutionProperties) = preSolution
		HideSolutionNode = FALSE
	EndGlobalSection
	GlobalSection(ExtensibilityGlobals) = postSolution
		SolutionGuid = {F7D26532-8B79-4517-A9B4-C2B009C99CAC}
	EndGlobalSection
EndGlobal
